
Microsoft Visual Studio Solution File, Format Version 12.00
# Visual Studio Version 16
VisualStudioVersion = 16.0.31911.196
MinimumVisualStudioVersion = 10.0.40219.1
Project("{FAE04EC0-301F-11D3-BF4B-00C04F79EFBC}") = "TinyCalculator", "TinyCalculator.csproj", "{EFA2C0B3-B425-4A29-9214-F075813DA899}"
EndProject
Project("{FAE04EC0-301F-11D3-BF4B-00C04F79EFBC}") = "TinyCalculatorTests", "..\TinyCalculatorTests\TinyCalculatorTests.csproj", "{CC8D22F7-BD44-40B6-B2EC-769A0BBDF332}"
EndProject
Global
	GlobalSection(SolutionConfigurationPlatforms) = preSolution
		Debug|Any CPU = Debug|Any CPU
		Release|Any CPU = Release|Any CPU
	EndGlobalSection
	GlobalSection(ProjectConfigurationPlatforms) = postSolution
		{EFA2C0B3-B425-4A29-9214-F075813DA899}.Debug|Any CPU.ActiveCfg = Debug|Any CPU
		{EFA2C0B3-B425-4A29-9214-F075813DA899}.Debug|Any CPU.Build.0 = Debug|Any CPU
		{EFA2C0B3-B425-4A29-9214-F075813DA899}.Release|Any CPU.ActiveCfg = Release|Any CPU
		{EFA2C0B3-B425-4A29-9214-F075813DA899}.Release|Any CPU.Build.0 = Release|Any CPU
		{CC8D22F7-BD44-40B6-B2EC-769A0BBDF332}.Debug|Any CPU.ActiveCfg = Debug|Any CPU
		{CC8D22F7-BD44-40B6-B2EC-769A0BBDF332}.Debug|Any CPU.Build.0 = Debug|Any CPU
		{CC8D22F7-BD44-40B6-B2EC-769A0BBDF332}.Release|Any CPU.ActiveCfg = Release|Any CPU
		{CC8D22F7-BD44-40B6-B2EC-769A0BBDF332}.Release|Any CPU.Build.0 = Release|Any CPU
	EndGlobalSection
	GlobalSection(SolutionProperties) = preSolution
		HideSolutionNode = FALSE
	EndGlobalSection
	GlobalSection(ExtensibilityGlobals) = postSolution
		SolutionGuid = {4E28EE1B-75D5-4C14-9FAB-0D2569D151DD}
	EndGlobalSection
EndGlobal
